
Microsoft Visual Studio Solution File, Format Version 12.00
# Visual Studio Version 17
VisualStudioVersion = 17.4.33205.214
MinimumVisualStudioVersion = 10.0.40219.1
Project("{FAE04EC0-301F-11D3-BF4B-00C04F79EFBC}") = "Kellphy.Warframe.MarketTool", "Kellphy.Warframe.MarketTool\Kellphy.Warframe.MarketTool.csproj", "{BECE4B35-16B2-4370-B854-CAF4C2B9E766}"
EndProject
Global
	GlobalSection(SolutionConfigurationPlatforms) = preSolution
		Debug|Any CPU = Debug|Any CPU
		Release|Any CPU = Release|Any CPU
	EndGlobalSection
	GlobalSection(ProjectConfigurationPlatforms) = postSolution
		{BECE4B35-16B2-4370-B854-CAF4C2B9E766}.Debug|Any CPU.ActiveCfg = Debug|Any CPU
		{BECE4B35-16B2-4370-B854-CAF4C2B9E766}.Debug|Any CPU.Build.0 = Debug|Any CPU
		{BECE4B35-16B2-4370-B854-CAF4C2B9E766}.Release|Any CPU.ActiveCfg = Release|Any CPU
		{BECE4B35-16B2-4370-B854-CAF4C2B9E766}.Release|Any CPU.Build.0 = Release|Any CPU
	EndGlobalSection
	GlobalSection(SolutionProperties) = preSolution
		HideSolutionNode = FALSE
	EndGlobalSection
	GlobalSection(ExtensibilityGlobals) = postSolution
		SolutionGuid = {B2FBFC15-0027-4748-BA41-3DA0FFC03A55}
	EndGlobalSection
EndGlobal
